// !$*UTF8*$!
{
	archiveVersion = 1;
	classes = {
	};
	objectVersion = 77;
	objects = {

/* Begin PBXContainerItemProxy section */
		38EDDEC32D8E0DE000B413D8 /* PBXContainerItemProxy */ = {
			isa = PBXContainerItemProxy;
			containerPortal = 38EDDEAA2D8E0DDF00B413D8 /* Project object */;
			proxyType = 1;
			remoteGlobalIDString = 38EDDEB12D8E0DDF00B413D8;
			remoteInfo = NetflixThumbnail;
		};
		38EDDECD2D8E0DE000B413D8 /* PBXContainerItemProxy */ = {
			isa = PBXContainerItemProxy;
			containerPortal = 38EDDEAA2D8E0DDF00B413D8 /* Project object */;
			proxyType = 1;
			remoteGlobalIDString = 38EDDEB12D8E0DDF00B413D8;
			remoteInfo = NetflixThumbnail;
		};
/* End PBXContainerItemProxy section */

/* Begin PBXFileReference section */
		38EDDEB22D8E0DDF00B413D8 /* NetflixThumbnail.app */ = {isa = PBXFileReference; explicitFileType = wrapper.application; includeInIndex = 0; path = NetflixThumbnail.app; sourceTree = BUILT_PRODUCTS_DIR; };
		38EDDEC22D8E0DE000B413D8 /* NetflixThumbnailTests.xctest */ = {isa = PBXFileReference; explicitFileType = wrapper.cfbundle; includeInIndex = 0; path = NetflixThumbnailTests.xctest; sourceTree = BUILT_PRODUCTS_DIR; };
		38EDDECC2D8E0DE000B413D8 /* NetflixThumbnailUITests.xctest */ = {isa = PBXFileReference; explicitFileType = wrapper.cfbundle; includeInIndex = 0; path = NetflixThumbnailUITests.xctest; sourceTree = BUILT_PRODUCTS_DIR; };
/* End PBXFileReference section */

/* Begin PBXFileSystemSynchronizedRootGroup section */
		38EDDEB42D8E0DDF00B413D8 /* NetflixThumbnail */ = {
			isa = PBXFileSystemSynchronizedRootGroup;
			path = NetflixThumbnail;
			sourceTree = "<group>";
		};
		38EDDEC52D8E0DE000B413D8 /* NetflixThumbnailTests */ = {
			isa = PBXFileSystemSynchronizedRootGroup;
			path = NetflixThumbnailTests;
			sourceTree = "<group>";
		};
		38EDDECF2D8E0DE000B413D8 /* NetflixThumbnailUITests */ = {
			isa = PBXFileSystemSynchronizedRootGroup;
			path = NetflixThumbnailUITests;
			sourceTree = "<group>";
		};
/* End PBXFileSystemSynchronizedRootGroup section */

/* Begin PBXFrameworksBuildPhase section */
		38EDDEAF2D8E0DDF00B413D8 /* Frameworks */ = {
			isa = PBXFrameworksBuildPhase;
			buildActionMask = 2147483647;
			files = (
			);
			runOnlyForDeploymentPostprocessing = 0;
		};
		38EDDEBF2D8E0DE000B413D8 /* Frameworks */ = {
			isa = PBXFrameworksBuildPhase;
			buildActionMask = 2147483647;
			files = (
			);
			runOnlyForDeploymentPostprocessing = 0;
		};
		38EDDEC92D8E0DE000B413D8 /* Frameworks */ = {
			isa = PBXFrameworksBuildPhase;
			buildActionMask = 2147483647;
			files = (
			);
			runOnlyForDeploymentPostprocessing = 0;
		};
/* End PBXFrameworksBuildPhase section */

/* Begin PBXGroup section */
		38EDDEA92D8E0DDF00B413D8 = {
			isa = PBXGroup;
			children = (
				38EDDEB42D8E0DDF00B413D8 /* NetflixThumbnail */,
				38EDDEC52D8E0DE000B413D8 /* NetflixThumbnailTests */,
				38EDDECF2D8E0DE000B413D8 /* NetflixThumbnailUITests */,
				38EDDEB32D8E0DDF00B413D8 /* Products */,
			);
			sourceTree = "<group>";
		};
		38EDDEB32D8E0DDF00B413D8 /* Products */ = {
			isa = PBXGroup;
			children = (
				38EDDEB22D8E0DDF00B413D8 /* NetflixThumbnail.app */,
				38EDDEC22D8E0DE000B413D8 /* NetflixThumbnailTests.xctest */,
				38EDDECC2D8E0DE000B413D8 /* NetflixThumbnailUITests.xctest */,
			);
			name = Products;
			sourceTree = "<group>";
		};
/* End PBXGroup section */

/* Begin PBXNativeTarget section */
		38EDDEB12D8E0DDF00B413D8 /* NetflixThumbnail */ = {
			isa = PBXNativeTarget;
			buildConfigurationList = 38EDDED62D8E0DE000B413D8 /* Build configuration list for PBXNativeTarget "NetflixThumbnail" */;
			buildPhases = (
				38EDDEAE2D8E0DDF00B413D8 /* Sources */,
				38EDDEAF2D8E0DDF00B413D8 /* Frameworks */,
				38EDDEB02D8E0DDF00B413D8 /* Resources */,
			);
			buildRules = (
			);
			dependencies = (
			);
			fileSystemSynchronizedGroups = (
				38EDDEB42D8E0DDF00B413D8 /* NetflixThumbnail */,
			);
			name = NetflixThumbnail;
			packageProductDependencies = (
			);
			productName = NetflixThumbnail;
			productReference = 38EDDEB22D8E0DDF00B413D8 /* NetflixThumbnail.app */;
			productType = "com.apple.product-type.application";
		};
		38EDDEC12D8E0DE000B413D8 /* NetflixThumbnailTests */ = {
			isa = PBXNativeTarget;
			buildConfigurationList = 38EDDED92D8E0DE000B413D8 /* Build configuration list for PBXNativeTarget "NetflixThumbnailTests" */;
			buildPhases = (
				38EDDEBE2D8E0DE000B413D8 /* Sources */,
				38EDDEBF2D8E0DE000B413D8 /* Frameworks */,
				38EDDEC02D8E0DE000B413D8 /* Resources */,
			);
			buildRules = (
			);
			dependencies = (
				38EDDEC42D8E0DE000B413D8 /* PBXTargetDependency */,
			);
			fileSystemSynchronizedGroups = (
				38EDDEC52D8E0DE000B413D8 /* NetflixThumbnailTests */,
			);
			name = NetflixThumbnailTests;
			packageProductDependencies = (
			);
			productName = NetflixThumbnailTests;
			productReference = 38EDDEC22D8E0DE000B413D8 /* NetflixThumbnailTests.xctest */;
			productType = "com.apple.product-type.bundle.unit-test";
		};
		38EDDECB2D8E0DE000B413D8 /* NetflixThumbnailUITests */ = {
			isa = PBXNativeTarget;
			buildConfigurationList = 38EDDEDC2D8E0DE000B413D8 /* Build configuration list for PBXNativeTarget "NetflixThumbnailUITests" */;
			buildPhases = (
				38EDDEC82D8E0DE000B413D8 /* Sources */,
				38EDDEC92D8E0DE000B413D8 /* Frameworks */,
				38EDDECA2D8E0DE000B413D8 /* Resources */,
			);
			buildRules = (
			);
			dependencies = (
				38EDDECE2D8E0DE000B413D8 /* PBXTargetDependency */,
			);
			fileSystemSynchronizedGroups = (
				38EDDECF2D8E0DE000B413D8 /* NetflixThumbnailUITests */,
			);
			name = NetflixThumbnailUITests;
			packageProductDependencies = (
			);
			productName = NetflixThumbnailUITests;
			productReference = 38EDDECC2D8E0DE000B413D8 /* NetflixThumbnailUITests.xctest */;
			productType = "com.apple.product-type.bundle.ui-testing";
		};
/* End PBXNativeTarget section */

/* Begin PBXProject section */
		38EDDEAA2D8E0DDF00B413D8 /* Project object */ = {
			isa = PBXProject;
			attributes = {
				BuildIndependentTargetsInParallel = 1;
				LastSwiftUpdateCheck = 1620;
				LastUpgradeCheck = 1620;
				TargetAttributes = {
					38EDDEB12D8E0DDF00B413D8 = {
						CreatedOnToolsVersion = 16.2;
					};
					38EDDEC12D8E0DE000B413D8 = {
						CreatedOnToolsVersion = 16.2;
						TestTargetID = 38EDDEB12D8E0DDF00B413D8;
					};
					38EDDECB2D8E0DE000B413D8 = {
						CreatedOnToolsVersion = 16.2;
						TestTargetID = 38EDDEB12D8E0DDF00B413D8;
					};
				};
			};
			buildConfigurationList = 38EDDEAD2D8E0DDF00B413D8 /* Build configuration list for PBXProject "NetflixThumbnail" */;
			developmentRegion = en;
			hasScannedForEncodings = 0;
			knownRegions = (
				en,
				Base,
			);
			mainGroup = 38EDDEA92D8E0DDF00B413D8;
			minimizedProjectReferenceProxies = 1;
			preferredProjectObjectVersion = 77;
			productRefGroup = 38EDDEB32D8E0DDF00B413D8 /* Products */;
			projectDirPath = "";
			projectRoot = "";
			targets = (
				38EDDEB12D8E0DDF00B413D8 /* NetflixThumbnail */,
				38EDDEC12D8E0DE000B413D8 /* NetflixThumbnailTests */,
				38EDDECB2D8E0DE000B413D8 /* NetflixThumbnailUITests */,
			);
		};
/* End PBXProject section */

/* Begin PBXResourcesBuildPhase section */
		38EDDEB02D8E0DDF00B413D8 /* Resources */ = {
			isa = PBXResourcesBuildPhase;
			buildActionMask = 2147483647;
			files = (
			);
			runOnlyForDeploymentPostprocessing = 0;
		};
		38EDDEC02D8E0DE000B413D8 /* Resources */ = {
			isa = PBXResourcesBuildPhase;
			buildActionMask = 2147483647;
			files = (
			);
			runOnlyForDeploymentPostprocessing = 0;
		};
		38EDDECA2D8E0DE000B413D8 /* Resources */ = {
			isa = PBXResourcesBuildPhase;
			buildActionMask = 2147483647;
			files = (
			);
			runOnlyForDeploymentPostprocessing = 0;
		};
/* End PBXResourcesBuildPhase section */

/* Begin PBXSourcesBuildPhase section */
		38EDDEAE2D8E0DDF00B413D8 /* Sources */ = {
			isa = PBXSourcesBuildPhase;
			buildActionMask = 2147483647;
			files = (
			);
			runOnlyForDeploymentPostprocessing = 0;
		};
		38EDDEBE2D8E0DE000B413D8 /* Sources */ = {
			isa = PBXSourcesBuildPhase;
			buildActionMask = 2147483647;
			files = (
			);
			runOnlyForDeploymentPostprocessing = 0;
		};
		38EDDEC82D8E0DE000B413D8 /* Sources */ = {
			isa = PBXSourcesBuildPhase;
			buildActionMask = 2147483647;
			files = (
			);
			runOnlyForDeploymentPostprocessing = 0;
		};
/* End PBXSourcesBuildPhase section */

/* Begin PBXTargetDependency section */
		38EDDEC42D8E0DE000B413D8 /* PBXTargetDependency */ = {
			isa = PBXTargetDependency;
			target = 38EDDEB12D8E0DDF00B413D8 /* NetflixThumbnail */;
			targetProxy = 38EDDEC32D8E0DE000B413D8 /* PBXContainerItemProxy */;
		};
		38EDDECE2D8E0DE000B413D8 /* PBXTargetDependency */ = {
			isa = PBXTargetDependency;
			target = 38EDDEB12D8E0DDF00B413D8 /* NetflixThumbnail */;
			targetProxy = 38EDDECD2D8E0DE000B413D8 /* PBXContainerItemProxy */;
		};
/* End PBXTargetDependency section */

/* Begin XCBuildConfiguration section */
		38EDDED42D8E0DE000B413D8 /* Debug */ = {
			isa = XCBuildConfiguration;
			buildSettings = {
				ALWAYS_SEARCH_USER_PATHS = NO;
				ASSETCATALOG_COMPILER_GENERATE_SWIFT_ASSET_SYMBOL_EXTENSIONS = YES;
				CLANG_ANALYZER_NONNULL = YES;
				CLANG_ANALYZER_NUMBER_OBJECT_CONVERSION = YES_AGGRESSIVE;
				CLANG_CXX_LANGUAGE_STANDARD = "gnu++20";
				CLANG_ENABLE_MODULES = YES;
				CLANG_ENABLE_OBJC_ARC = YES;
				CLANG_ENABLE_OBJC_WEAK = YES;
				CLANG_WARN_BLOCK_CAPTURE_AUTORELEASING = YES;
				CLANG_WARN_BOOL_CONVERSION = YES;
				CLANG_WARN_COMMA = YES;
				CLANG_WARN_CONSTANT_CONVERSION = YES;
				CLANG_WARN_DEPRECATED_OBJC_IMPLEMENTATIONS = YES;
				CLANG_WARN_DIRECT_OBJC_ISA_USAGE = YES_ERROR;
				CLANG_WARN_DOCUMENTATION_COMMENTS = YES;
				CLANG_WARN_EMPTY_BODY = YES;
				CLANG_WARN_ENUM_CONVERSION = YES;
				CLANG_WARN_INFINITE_RECURSION = YES;
				CLANG_WARN_INT_CONVERSION = YES;
				CLANG_WARN_NON_LITERAL_NULL_CONVERSION = YES;
				CLANG_WARN_OBJC_IMPLICIT_RETAIN_SELF = YES;
				CLANG_WARN_OBJC_LITERAL_CONVERSION = YES;
				CLANG_WARN_OBJC_ROOT_CLASS = YES_ERROR;
				CLANG_WARN_QUOTED_INCLUDE_IN_FRAMEWORK_HEADER = YES;
				CLANG_WARN_RANGE_LOOP_ANALYSIS = YES;
				CLANG_WARN_STRICT_PROTOTYPES = YES;
				CLANG_WARN_SUSPICIOUS_MOVE = YES;
				CLANG_WARN_UNGUARDED_AVAILABILITY = YES_AGGRESSIVE;
				CLANG_WARN_UNREACHABLE_CODE = YES;
				CLANG_WARN__DUPLICATE_METHOD_MATCH = YES;
				COPY_PHASE_STRIP = NO;
				DEBUG_INFORMATION_FORMAT = dwarf;
				ENABLE_STRICT_OBJC_MSGSEND = YES;
				ENABLE_TESTABILITY = YES;
				ENABLE_USER_SCRIPT_SANDBOXING = YES;
				GCC_C_LANGUAGE_STANDARD = gnu17;
				GCC_DYNAMIC_NO_PIC = NO;
				GCC_NO_COMMON_BLOCKS = YES;
				GCC_OPTIMIZATION_LEVEL = 0;
				GCC_PREPROCESSOR_DEFINITIONS = (
					"DEBUG=1",
					"$(inherited)",
				);
				GCC_WARN_64_TO_32_BIT_CONVERSION = YES;
				GCC_WARN_ABOUT_RETURN_TYPE = YES_ERROR;
				GCC_WARN_UNDECLARED_SELECTOR = YES;
				GCC_WARN_UNINITIALIZED_AUTOS = YES_AGGRESSIVE;
				GCC_WARN_UNUSED_FUNCTION = YES;
				GCC_WARN_UNUSED_VARIABLE = YES;
				IPHONEOS_DEPLOYMENT_TARGET = 18.2;
				LOCALIZATION_PREFERS_STRING_CATALOGS = YES;
				MTL_ENABLE_DEBUG_INFO = INCLUDE_SOURCE;
				MTL_FAST_MATH = YES;
				ONLY_ACTIVE_ARCH = YES;
				SDKROOT = iphoneos;
				SWIFT_ACTIVE_COMPILATION_CONDITIONS = "DEBUG $(inherited)";
				SWIFT_OPTIMIZATION_LEVEL = "-Onone";
			};
			name = Debug;
		};
		38EDDED52D8E0DE000B413D8 /* Release */ = {
			isa = XCBuildConfiguration;
			buildSettings = {
				ALWAYS_SEARCH_USER_PATHS = NO;
				ASSETCATALOG_COMPILER_GENERATE_SWIFT_ASSET_SYMBOL_EXTENSIONS = YES;
				CLANG_ANALYZER_NONNULL = YES;
				CLANG_ANALYZER_NUMBER_OBJECT_CONVERSION = YES_AGGRESSIVE;
				CLANG_CXX_LANGUAGE_STANDARD = "gnu++20";
				CLANG_ENABLE_MODULES = YES;
				CLANG_ENABLE_OBJC_ARC = YES;
				CLANG_ENABLE_OBJC_WEAK = YES;
				CLANG_WARN_BLOCK_CAPTURE_AUTORELEASING = YES;
				CLANG_WARN_BOOL_CONVERSION = YES;
				CLANG_WARN_COMMA = YES;
				CLANG_WARN_CONSTANT_CONVERSION = YES;
				CLANG_WARN_DEPRECATED_OBJC_IMPLEMENTATIONS = YES;
				CLANG_WARN_DIRECT_OBJC_ISA_USAGE = YES_ERROR;
				CLANG_WARN_DOCUMENTATION_COMMENTS = YES;
				CLANG_WARN_EMPTY_BODY = YES;
				CLANG_WARN_ENUM_CONVERSION = YES;
				CLANG_WARN_INFINITE_RECURSION = YES;
				CLANG_WARN_INT_CONVERSION = YES;
				CLANG_WARN_NON_LITERAL_NULL_CONVERSION = YES;
				CLANG_WARN_OBJC_IMPLICIT_RETAIN_SELF = YES;
				CLANG_WARN_OBJC_LITERAL_CONVERSION = YES;
				CLANG_WARN_OBJC_ROOT_CLASS = YES_ERROR;
				CLANG_WARN_QUOTED_INCLUDE_IN_FRAMEWORK_HEADER = YES;
				CLANG_WARN_RANGE_LOOP_ANALYSIS = YES;
				CLANG_WARN_STRICT_PROTOTYPES = YES;
				CLANG_WARN_SUSPICIOUS_MOVE = YES;
				CLANG_WARN_UNGUARDED_AVAILABILITY = YES_AGGRESSIVE;
				CLANG_WARN_UNREACHABLE_CODE = YES;
				CLANG_WARN__DUPLICATE_METHOD_MATCH = YES;
				COPY_PHASE_STRIP = NO;
				DEBUG_INFORMATION_FORMAT = "dwarf-with-dsym";
				ENABLE_NS_ASSERTIONS = NO;
				ENABLE_STRICT_OBJC_MSGSEND = YES;
				ENABLE_USER_SCRIPT_SANDBOXING = YES;
				GCC_C_LANGUAGE_STANDARD = gnu17;
				GCC_NO_COMMON_BLOCKS = YES;
				GCC_WARN_64_TO_32_BIT_CONVERSION = YES;
				GCC_WARN_ABOUT_RETURN_TYPE = YES_ERROR;
				GCC_WARN_UNDECLARED_SELECTOR = YES;
				GCC_WARN_UNINITIALIZED_AUTOS = YES_AGGRESSIVE;
				GCC_WARN_UNUSED_FUNCTION = YES;
				GCC_WARN_UNUSED_VARIABLE = YES;
				IPHONEOS_DEPLOYMENT_TARGET = 18.2;
				LOCALIZATION_PREFERS_STRING_CATALOGS = YES;
				MTL_ENABLE_DEBUG_INFO = NO;
				MTL_FAST_MATH = YES;
				SDKROOT = iphoneos;
				SWIFT_COMPILATION_MODE = wholemodule;
				VALIDATE_PRODUCT = YES;
			};
			name = Release;
		};
		38EDDED72D8E0DE000B413D8 /* Debug */ = {
			isa = XCBuildConfiguration;
			buildSettings = {
				ASSETCATALOG_COMPILER_APPICON_NAME = AppIcon;
				ASSETCATALOG_COMPILER_GLOBAL_ACCENT_COLOR_NAME = AccentColor;
				CODE_SIGN_STYLE = Automatic;
				CURRENT_PROJECT_VERSION = 1;
				DEVELOPMENT_ASSET_PATHS = "\"NetflixThumbnail/Preview Content\"";
				ENABLE_PREVIEWS = YES;
				GENERATE_INFOPLIST_FILE = YES;
				INFOPLIST_KEY_UIApplicationSceneManifest_Generation = YES;
				INFOPLIST_KEY_UIApplicationSupportsIndirectInputEvents = YES;
				INFOPLIST_KEY_UILaunchScreen_Generation = YES;
				INFOPLIST_KEY_UISupportedInterfaceOrientations_iPad = "UIInterfaceOrientationPortrait UIInterfaceOrientationPortraitUpsideDown UIInterfaceOrientationLandscapeLeft UIInterfaceOrientationLandscapeRight";
				INFOPLIST_KEY_UISupportedInterfaceOrientations_iPhone = "UIInterfaceOrientationPortrait UIInterfaceOrientationLandscapeLeft UIInterfaceOrientationLandscapeRight";
				LD_RUNPATH_SEARCH_PATHS = (
					"$(inherited)",
					"@executable_path/Frameworks",
				);
				MARKETING_VERSION = 1.0;
				PRODUCT_BUNDLE_IDENTIFIER = com.agmma.NetflixThumbnail;
				PRODUCT_NAME = "$(TARGET_NAME)";
				SWIFT_EMIT_LOC_STRINGS = YES;
				SWIFT_VERSION = 5.0;
				TARGETED_DEVICE_FAMILY = "1,2";
			};
			name = Debug;
		};
		38EDDED82D8E0DE000B413D8 /* Release */ = {
			isa = XCBuildConfiguration;
			buildSettings = {
				ASSETCATALOG_COMPILER_APPICON_NAME = AppIcon;
				ASSETCATALOG_COMPILER_GLOBAL_ACCENT_COLOR_NAME = AccentColor;
				CODE_SIGN_STYLE = Automatic;
				CURRENT_PROJECT_VERSION = 1;
				DEVELOPMENT_ASSET_PATHS = "\"NetflixThumbnail/Preview Content\"";
				ENABLE_PREVIEWS = YES;
				GENERATE_INFOPLIST_FILE = YES;
				INFOPLIST_KEY_UIApplicationSceneManifest_Generation = YES;
				INFOPLIST_KEY_UIApplicationSupportsIndirectInputEvents = YES;
				INFOPLIST_KEY_UILaunchScreen_Generation = YES;
				INFOPLIST_KEY_UISupportedInterfaceOrientations_iPad = "UIInterfaceOrientationPortrait UIInterfaceOrientationPortraitUpsideDown UIInterfaceOrientationLandscapeLeft UIInterfaceOrientationLandscapeRight";
				INFOPLIST_KEY_UISupportedInterfaceOrientations_iPhone = "UIInterfaceOrientationPortrait UIInterfaceOrientationLandscapeLeft UIInterfaceOrientationLandscapeRight";
				LD_RUNPATH_SEARCH_PATHS = (
					"$(inherited)",
					"@executable_path/Frameworks",
				);
				MARKETING_VERSION = 1.0;
				PRODUCT_BUNDLE_IDENTIFIER = com.agmma.NetflixThumbnail;
				PRODUCT_NAME = "$(TARGET_NAME)";
				SWIFT_EMIT_LOC_STRINGS = YES;
				SWIFT_VERSION = 5.0;
				TARGETED_DEVICE_FAMILY = "1,2";
			};
			name = Release;
		};
		38EDDEDA2D8E0DE000B413D8 /* Debug */ = {
			isa = XCBuildConfiguration;
			buildSettings = {
				BUNDLE_LOADER = "$(TEST_HOST)";
				CODE_SIGN_STYLE = Automatic;
				CURRENT_PROJECT_VERSION = 1;
				GENERATE_INFOPLIST_FILE = YES;
				IPHONEOS_DEPLOYMENT_TARGET = 18.2;
				MARKETING_VERSION = 1.0;
				PRODUCT_BUNDLE_IDENTIFIER = com.agmma.NetflixThumbnailTests;
				PRODUCT_NAME = "$(TARGET_NAME)";
				SWIFT_EMIT_LOC_STRINGS = NO;
				SWIFT_VERSION = 5.0;
				TARGETED_DEVICE_FAMILY = "1,2";
				TEST_HOST = "$(BUILT_PRODUCTS_DIR)/NetflixThumbnail.app/$(BUNDLE_EXECUTABLE_FOLDER_PATH)/NetflixThumbnail";
			};
			name = Debug;
		};
		38EDDEDB2D8E0DE000B413D8 /* Release */ = {
			isa = XCBuildConfiguration;
			buildSettings = {
				BUNDLE_LOADER = "$(TEST_HOST)";
				CODE_SIGN_STYLE = Automatic;
				CURRENT_PROJECT_VERSION = 1;
				GENERATE_INFOPLIST_FILE = YES;
				IPHONEOS_DEPLOYMENT_TARGET = 18.2;
				MARKETING_VERSION = 1.0;
				PRODUCT_BUNDLE_IDENTIFIER = com.agmma.NetflixThumbnailTests;
				PRODUCT_NAME = "$(TARGET_NAME)";
				SWIFT_EMIT_LOC_STRINGS = NO;
				SWIFT_VERSION = 5.0;
				TARGETED_DEVICE_FAMILY = "1,2";
				TEST_HOST = "$(BUILT_PRODUCTS_DIR)/NetflixThumbnail.app/$(BUNDLE_EXECUTABLE_FOLDER_PATH)/NetflixThumbnail";
			};
			name = Release;
		};
		38EDDEDD2D8E0DE000B413D8 /* Debug */ = {
			isa = XCBuildConfiguration;
			buildSettings = {
				CODE_SIGN_STYLE = Automatic;
				CURRENT_PROJECT_VERSION = 1;
				GENERATE_INFOPLIST_FILE = YES;
				MARKETING_VERSION = 1.0;
				PRODUCT_BUNDLE_IDENTIFIER = com.agmma.NetflixThumbnailUITests;
				PRODUCT_NAME = "$(TARGET_NAME)";
				SWIFT_EMIT_LOC_STRINGS = NO;
				SWIFT_VERSION = 5.0;
				TARGETED_DEVICE_FAMILY = "1,2";
				TEST_TARGET_NAME = NetflixThumbnail;
			};
			name = Debug;
		};
		38EDDEDE2D8E0DE000B413D8 /* Release */ = {
			isa = XCBuildConfiguration;
			buildSettings = {
				CODE_SIGN_STYLE = Automatic;
				CURRENT_PROJECT_VERSION = 1;
				GENERATE_INFOPLIST_FILE = YES;
				MARKETING_VERSION = 1.0;
				PRODUCT_BUNDLE_IDENTIFIER = com.agmma.NetflixThumbnailUITests;
				PRODUCT_NAME = "$(TARGET_NAME)";
				SWIFT_EMIT_LOC_STRINGS = NO;
				SWIFT_VERSION = 5.0;
				TARGETED_DEVICE_FAMILY = "1,2";
				TEST_TARGET_NAME = NetflixThumbnail;
			};
			name = Release;
		};
/* End XCBuildConfiguration section */

/* Begin XCConfigurationList section */
		38EDDEAD2D8E0DDF00B413D8 /* Build configuration list for PBXProject "NetflixThumbnail" */ = {
			isa = XCConfigurationList;
			buildConfigurations = (
				38EDDED42D8E0DE000B413D8 /* Debug */,
				38EDDED52D8E0DE000B413D8 /* Release */,
			);
			defaultConfigurationIsVisible = 0;
			defaultConfigurationName = Release;
		};
		38EDDED62D8E0DE000B413D8 /* Build configuration list for PBXNativeTarget "NetflixThumbnail" */ = {
			isa = XCConfigurationList;
			buildConfigurations = (
				38EDDED72D8E0DE000B413D8 /* Debug */,
				38EDDED82D8E0DE000B413D8 /* Release */,
			);
			defaultConfigurationIsVisible = 0;
			defaultConfigurationName = Release;
		};
		38EDDED92D8E0DE000B413D8 /* Build configuration list for PBXNativeTarget "NetflixThumbnailTests" */ = {
			isa = XCConfigurationList;
			buildConfigurations = (
				38EDDEDA2D8E0DE000B413D8 /* Debug */,
				38EDDEDB2D8E0DE000B413D8 /* Release */,
			);
			defaultConfigurationIsVisible = 0;
			defaultConfigurationName = Release;
		};
		38EDDEDC2D8E0DE000B413D8 /* Build configuration list for PBXNativeTarget "NetflixThumbnailUITests" */ = {
			isa = XCConfigurationList;
			buildConfigurations = (
				38EDDEDD2D8E0DE000B413D8 /* Debug */,
				38EDDEDE2D8E0DE000B413D8 /* Release */,
			);
			defaultConfigurationIsVisible = 0;
			defaultConfigurationName = Release;
		};
/* End XCConfigurationList section */
	};
	rootObject = 38EDDEAA2D8E0DDF00B413D8 /* Project object */;
}
